// !$*UTF8*$!
{
	archiveVersion = 1;
	classes = {
	};
	objectVersion = 48;
	objects = {

/* Begin PBXBuildFile section */
		096A8CCA20C9D25100D25B20 /* AppDelegate.swift in Sources */ = {isa = PBXBuildFile; fileRef = 096A8CC920C9D25100D25B20 /* AppDelegate.swift */; };
		096A8CCC20C9D25100D25B20 /* ViewController.swift in Sources */ = {isa = PBXBuildFile; fileRef = 096A8CCB20C9D25100D25B20 /* ViewController.swift */; };
		096A8CCE20C9D25100D25B20 /* Assets.xcassets in Resources */ = {isa = PBXBuildFile; fileRef = 096A8CCD20C9D25100D25B20 /* Assets.xcassets */; };
		096A8CD120C9D25100D25B20 /* Main.storyboard in Resources */ = {isa = PBXBuildFile; fileRef = 096A8CCF20C9D25100D25B20 /* Main.storyboard */; };
		3720F5CC20F75B4A002C0BFF /* MainWindowController.swift in Sources */ = {isa = PBXBuildFile; fileRef = 3720F5CB20F75B4A002C0BFF /* MainWindowController.swift */; };
		377AED6A20F8D67B00AAE40C /* ImageService.swift in Sources */ = {isa = PBXBuildFile; fileRef = 377AED6920F8D67B00AAE40C /* ImageService.swift */; };
		379536F320F8E0E9008CB9E8 /* AppStateModel.swift in Sources */ = {isa = PBXBuildFile; fileRef = 379536F220F8E0E9008CB9E8 /* AppStateModel.swift */; };
/* End PBXBuildFile section */

/* Begin PBXFileReference section */
		096A8CC620C9D25100D25B20 /* BezierPaths.app */ = {isa = PBXFileReference; explicitFileType = wrapper.application; includeInIndex = 0; path = BezierPaths.app; sourceTree = BUILT_PRODUCTS_DIR; };
		096A8CC920C9D25100D25B20 /* AppDelegate.swift */ = {isa = PBXFileReference; lastKnownFileType = sourcecode.swift; path = AppDelegate.swift; sourceTree = "<group>"; };
		096A8CCB20C9D25100D25B20 /* ViewController.swift */ = {isa = PBXFileReference; lastKnownFileType = sourcecode.swift; path = ViewController.swift; sourceTree = "<group>"; };
		096A8CCD20C9D25100D25B20 /* Assets.xcassets */ = {isa = PBXFileReference; lastKnownFileType = folder.assetcatalog; path = Assets.xcassets; sourceTree = "<group>"; };
		096A8CD020C9D25100D25B20 /* Base */ = {isa = PBXFileReference; lastKnownFileType = file.storyboard; name = Base; path = Base.lproj/Main.storyboard; sourceTree = "<group>"; };
		096A8CD220C9D25100D25B20 /* Info.plist */ = {isa = PBXFileReference; lastKnownFileType = text.plist.xml; path = Info.plist; sourceTree = "<group>"; };
		096A8CD320C9D25100D25B20 /* BezierPaths.entitlements */ = {isa = PBXFileReference; lastKnownFileType = text.plist.entitlements; path = BezierPaths.entitlements; sourceTree = "<group>"; };
		3720F5CB20F75B4A002C0BFF /* MainWindowController.swift */ = {isa = PBXFileReference; lastKnownFileType = sourcecode.swift; path = MainWindowController.swift; sourceTree = "<group>"; };
		3720F5CE20F77A5F002C0BFF /* Cocoa.framework */ = {isa = PBXFileReference; lastKnownFileType = wrapper.framework; name = Cocoa.framework; path = System/Library/Frameworks/Cocoa.framework; sourceTree = SDKROOT; };
		3720F5D020F77A72002C0BFF /* AppKit.framework */ = {isa = PBXFileReference; lastKnownFileType = wrapper.framework; name = AppKit.framework; path = System/Library/Frameworks/AppKit.framework; sourceTree = SDKROOT; };
		377AED6920F8D67B00AAE40C /* ImageService.swift */ = {isa = PBXFileReference; lastKnownFileType = sourcecode.swift; path = ImageService.swift; sourceTree = "<group>"; };
		379536F220F8E0E9008CB9E8 /* AppStateModel.swift */ = {isa = PBXFileReference; lastKnownFileType = sourcecode.swift; path = AppStateModel.swift; sourceTree = "<group>"; };
/* End PBXFileReference section */

/* Begin PBXFrameworksBuildPhase section */
		096A8CC320C9D25100D25B20 /* Frameworks */ = {
			isa = PBXFrameworksBuildPhase;
			buildActionMask = 2147483647;
			files = (
			);
			runOnlyForDeploymentPostprocessing = 0;
		};
/* End PBXFrameworksBuildPhase section */

/* Begin PBXGroup section */
		096A8CBD20C9D25100D25B20 = {
			isa = PBXGroup;
			children = (
				096A8CC820C9D25100D25B20 /* BezierPaths */,
				096A8CC720C9D25100D25B20 /* Products */,
				3720F5CD20F77A5F002C0BFF /* Frameworks */,
			);
			sourceTree = "<group>";
		};
		096A8CC720C9D25100D25B20 /* Products */ = {
			isa = PBXGroup;
			children = (
				096A8CC620C9D25100D25B20 /* BezierPaths.app */,
			);
			name = Products;
			sourceTree = "<group>";
		};
		096A8CC820C9D25100D25B20 /* BezierPaths */ = {
			isa = PBXGroup;
			children = (
				096A8CC920C9D25100D25B20 /* AppDelegate.swift */,
				096A8CCB20C9D25100D25B20 /* ViewController.swift */,
				3720F5CB20F75B4A002C0BFF /* MainWindowController.swift */,
				377AED6920F8D67B00AAE40C /* ImageService.swift */,
				379536F220F8E0E9008CB9E8 /* AppStateModel.swift */,
				096A8CCD20C9D25100D25B20 /* Assets.xcassets */,
				096A8CCF20C9D25100D25B20 /* Main.storyboard */,
				096A8CD220C9D25100D25B20 /* Info.plist */,
				096A8CD320C9D25100D25B20 /* BezierPaths.entitlements */,
			);
			path = BezierPaths;
			sourceTree = "<group>";
		};
		3720F5CD20F77A5F002C0BFF /* Frameworks */ = {
			isa = PBXGroup;
			children = (
				3720F5D020F77A72002C0BFF /* AppKit.framework */,
				3720F5CE20F77A5F002C0BFF /* Cocoa.framework */,
			);
			name = Frameworks;
			sourceTree = "<group>";
		};
/* End PBXGroup section */

/* Begin PBXNativeTarget section */
		096A8CC520C9D25100D25B20 /* BezierPaths */ = {
			isa = PBXNativeTarget;
			buildConfigurationList = 096A8CD620C9D25100D25B20 /* Build configuration list for PBXNativeTarget "BezierPaths" */;
			buildPhases = (
				096A8CC220C9D25100D25B20 /* Sources */,
				096A8CC320C9D25100D25B20 /* Frameworks */,
				096A8CC420C9D25100D25B20 /* Resources */,
			);
			buildRules = (
			);
			dependencies = (
			);
			name = BezierPaths;
			productName = BezierPaths;
			productReference = 096A8CC620C9D25100D25B20 /* BezierPaths.app */;
			productType = "com.apple.product-type.application";
		};
/* End PBXNativeTarget section */

/* Begin PBXProject section */
		096A8CBE20C9D25100D25B20 /* Project object */ = {
			isa = PBXProject;
			attributes = {
				LastSwiftUpdateCheck = 0920;
				LastUpgradeCheck = 0920;
				ORGANIZATIONNAME = "Dima Manyahin";
				TargetAttributes = {
					096A8CC520C9D25100D25B20 = {
						CreatedOnToolsVersion = 9.2;
						ProvisioningStyle = Automatic;
					};
				};
			};
			buildConfigurationList = 096A8CC120C9D25100D25B20 /* Build configuration list for PBXProject "BezierPaths" */;
			compatibilityVersion = "Xcode 8.0";
			developmentRegion = en;
			hasScannedForEncodings = 0;
			knownRegions = (
				en,
				Base,
			);
			mainGroup = 096A8CBD20C9D25100D25B20;
			productRefGroup = 096A8CC720C9D25100D25B20 /* Products */;
			projectDirPath = "";
			projectRoot = "";
			targets = (
				096A8CC520C9D25100D25B20 /* BezierPaths */,
			);
		};
/* End PBXProject section */

/* Begin PBXResourcesBuildPhase section */
		096A8CC420C9D25100D25B20 /* Resources */ = {
			isa = PBXResourcesBuildPhase;
			buildActionMask = 2147483647;
			files = (
				096A8CCE20C9D25100D25B20 /* Assets.xcassets in Resources */,
				096A8CD120C9D25100D25B20 /* Main.storyboard in Resources */,
			);
			runOnlyForDeploymentPostprocessing = 0;
		};
/* End PBXResourcesBuildPhase section */

/* Begin PBXSourcesBuildPhase section */
		096A8CC220C9D25100D25B20 /* Sources */ = {
			isa = PBXSourcesBuildPhase;
			buildActionMask = 2147483647;
			files = (
				096A8CCC20C9D25100D25B20 /* ViewController.swift in Sources */,
				377AED6A20F8D67B00AAE40C /* ImageService.swift in Sources */,
				096A8CCA20C9D25100D25B20 /* AppDelegate.swift in Sources */,
				3720F5CC20F75B4A002C0BFF /* MainWindowController.swift in Sources */,
				379536F320F8E0E9008CB9E8 /* AppStateModel.swift in Sources */,
			);
			runOnlyForDeploymentPostprocessing = 0;
		};
/* End PBXSourcesBuildPhase section */

/* Begin PBXVariantGroup section */
		096A8CCF20C9D25100D25B20 /* Main.storyboard */ = {
			isa = PBXVariantGroup;
			children = (
				096A8CD020C9D25100D25B20 /* Base */,
			);
			name = Main.storyboard;
			sourceTree = "<group>";
		};
/* End PBXVariantGroup section */

/* Begin XCBuildConfiguration section */
		096A8CD420C9D25100D25B20 /* Debug */ = {
			isa = XCBuildConfiguration;
			buildSettings = {
				ALWAYS_SEARCH_USER_PATHS = NO;
				CLANG_ANALYZER_NONNULL = YES;
				CLANG_ANALYZER_NUMBER_OBJECT_CONVERSION = YES_AGGRESSIVE;
				CLANG_CXX_LANGUAGE_STANDARD = "gnu++14";
				CLANG_CXX_LIBRARY = "libc++";
				CLANG_ENABLE_MODULES = YES;
				CLANG_ENABLE_OBJC_ARC = YES;
				CLANG_ENABLE_OBJC_WEAK = YES;
				CLANG_WARN_BLOCK_CAPTURE_AUTORELEASING = YES;
				CLANG_WARN_BOOL_CONVERSION = YES;
				CLANG_WARN_COMMA = YES;
				CLANG_WARN_CONSTANT_CONVERSION = YES;
				CLANG_WARN_DEPRECATED_OBJC_IMPLEMENTATIONS = YES;
				CLANG_WARN_DIRECT_OBJC_ISA_USAGE = YES_ERROR;
				CLANG_WARN_DOCUMENTATION_COMMENTS = YES;
				CLANG_WARN_EMPTY_BODY = YES;
				CLANG_WARN_ENUM_CONVERSION = YES;
				CLANG_WARN_INFINITE_RECURSION = YES;
				CLANG_WARN_INT_CONVERSION = YES;
				CLANG_WARN_NON_LITERAL_NULL_CONVERSION = YES;
				CLANG_WARN_OBJC_IMPLICIT_RETAIN_SELF = YES;
				CLANG_WARN_OBJC_LITERAL_CONVERSION = YES;
				CLANG_WARN_OBJC_ROOT_CLASS = YES_ERROR;
				CLANG_WARN_RANGE_LOOP_ANALYSIS = YES;
				CLANG_WARN_STRICT_PROTOTYPES = YES;
				CLANG_WARN_SUSPICIOUS_MOVE = YES;
				CLANG_WARN_UNGUARDED_AVAILABILITY = YES_AGGRESSIVE;
				CLANG_WARN_UNREACHABLE_CODE = YES;
				CLANG_WARN__DUPLICATE_METHOD_MATCH = YES;
				CODE_SIGN_IDENTITY = "-";
				COPY_PHASE_STRIP = NO;
				DEBUG_INFORMATION_FORMAT = dwarf;
				ENABLE_STRICT_OBJC_MSGSEND = YES;
				ENABLE_TESTABILITY = YES;
				GCC_C_LANGUAGE_STANDARD = gnu11;
				GCC_DYNAMIC_NO_PIC = NO;
				GCC_NO_COMMON_BLOCKS = YES;
				GCC_OPTIMIZATION_LEVEL = 0;
				GCC_PREPROCESSOR_DEFINITIONS = (
					"DEBUG=1",
					"$(inherited)",
				);
				GCC_WARN_64_TO_32_BIT_CONVERSION = YES;
				GCC_WARN_ABOUT_RETURN_TYPE = YES_ERROR;
				GCC_WARN_UNDECLARED_SELECTOR = YES;
				GCC_WARN_UNINITIALIZED_AUTOS = YES_AGGRESSIVE;
				GCC_WARN_UNUSED_FUNCTION = YES;
				GCC_WARN_UNUSED_VARIABLE = YES;
				MACOSX_DEPLOYMENT_TARGET = 10.12;
				MTL_ENABLE_DEBUG_INFO = YES;
				ONLY_ACTIVE_ARCH = YES;
				SDKROOT = macosx;
				SWIFT_ACTIVE_COMPILATION_CONDITIONS = DEBUG;
				SWIFT_OPTIMIZATION_LEVEL = "-Onone";
			};
			name = Debug;
		};
		096A8CD520C9D25100D25B20 /* Release */ = {
			isa = XCBuildConfiguration;
			buildSettings = {
				ALWAYS_SEARCH_USER_PATHS = NO;
				CLANG_ANALYZER_NONNULL = YES;
				CLANG_ANALYZER_NUMBER_OBJECT_CONVERSION = YES_AGGRESSIVE;
				CLANG_CXX_LANGUAGE_STANDARD = "gnu++14";
				CLANG_CXX_LIBRARY = "libc++";
				CLANG_ENABLE_MODULES = YES;
				CLANG_ENABLE_OBJC_ARC = YES;
				CLANG_ENABLE_OBJC_WEAK = YES;
				CLANG_WARN_BLOCK_CAPTURE_AUTORELEASING = YES;
				CLANG_WARN_BOOL_CONVERSION = YES;
				CLANG_WARN_COMMA = YES;
				CLANG_WARN_CONSTANT_CONVERSION = YES;
				CLANG_WARN_DEPRECATED_OBJC_IMPLEMENTATIONS = YES;
				CLANG_WARN_DIRECT_OBJC_ISA_USAGE = YES_ERROR;
				CLANG_WARN_DOCUMENTATION_COMMENTS = YES;
				CLANG_WARN_EMPTY_BODY = YES;
				CLANG_WARN_ENUM_CONVERSION = YES;
				CLANG_WARN_INFINITE_RECURSION = YES;
				CLANG_WARN_INT_CONVERSION = YES;
				CLANG_WARN_NON_LITERAL_NULL_CONVERSION = YES;
				CLANG_WARN_OBJC_IMPLICIT_RETAIN_SELF = YES;
				CLANG_WARN_OBJC_LITERAL_CONVERSION = YES;
				CLANG_WARN_OBJC_ROOT_CLASS = YES_ERROR;
				CLANG_WARN_RANGE_LOOP_ANALYSIS = YES;
				CLANG_WARN_STRICT_PROTOTYPES = YES;
				CLANG_WARN_SUSPICIOUS_MOVE = YES;
				CLANG_WARN_UNGUARDED_AVAILABILITY = YES_AGGRESSIVE;
				CLANG_WARN_UNREACHABLE_CODE = YES;
				CLANG_WARN__DUPLICATE_METHOD_MATCH = YES;
				CODE_SIGN_IDENTITY = "-";
				COPY_PHASE_STRIP = NO;
				DEBUG_INFORMATION_FORMAT = "dwarf-with-dsym";
				ENABLE_NS_ASSERTIONS = NO;
				ENABLE_STRICT_OBJC_MSGSEND = YES;
				GCC_C_LANGUAGE_STANDARD = gnu11;
				GCC_NO_COMMON_BLOCKS = YES;
				GCC_WARN_64_TO_32_BIT_CONVERSION = YES;
				GCC_WARN_ABOUT_RETURN_TYPE = YES_ERROR;
				GCC_WARN_UNDECLARED_SELECTOR = YES;
				GCC_WARN_UNINITIALIZED_AUTOS = YES_AGGRESSIVE;
				GCC_WARN_UNUSED_FUNCTION = YES;
				GCC_WARN_UNUSED_VARIABLE = YES;
				MACOSX_DEPLOYMENT_TARGET = 10.12;
				MTL_ENABLE_DEBUG_INFO = NO;
				SDKROOT = macosx;
				SWIFT_OPTIMIZATION_LEVEL = "-Owholemodule";
			};
			name = Release;
		};
		096A8CD720C9D25100D25B20 /* Debug */ = {
			isa = XCBuildConfiguration;
			buildSettings = {
				ASSETCATALOG_COMPILER_APPICON_NAME = AppIcon;
				CODE_SIGN_ENTITLEMENTS = BezierPaths/BezierPaths.entitlements;
				CODE_SIGN_STYLE = Automatic;
				COMBINE_HIDPI_IMAGES = YES;
				INFOPLIST_FILE = BezierPaths/Info.plist;
				LD_RUNPATH_SEARCH_PATHS = "$(inherited) @executable_path/../Frameworks";
				PRODUCT_BUNDLE_IDENTIFIER = "-.BezierPaths";
				PRODUCT_NAME = "$(TARGET_NAME)";
				SWIFT_VERSION = 4.0;
			};
			name = Debug;
		};
		096A8CD820C9D25100D25B20 /* Release */ = {
			isa = XCBuildConfiguration;
			buildSettings = {
				ASSETCATALOG_COMPILER_APPICON_NAME = AppIcon;
				CODE_SIGN_ENTITLEMENTS = BezierPaths/BezierPaths.entitlements;
				CODE_SIGN_STYLE = Automatic;
				COMBINE_HIDPI_IMAGES = YES;
				INFOPLIST_FILE = BezierPaths/Info.plist;
				LD_RUNPATH_SEARCH_PATHS = "$(inherited) @executable_path/../Frameworks";
				PRODUCT_BUNDLE_IDENTIFIER = "-.BezierPaths";
				PRODUCT_NAME = "$(TARGET_NAME)";
				SWIFT_VERSION = 4.0;
			};
			name = Release;
		};
/* End XCBuildConfiguration section */

/* Begin XCConfigurationList section */
		096A8CC120C9D25100D25B20 /* Build configuration list for PBXProject "BezierPaths" */ = {
			isa = XCConfigurationList;
			buildConfigurations = (
				096A8CD420C9D25100D25B20 /* Debug */,
				096A8CD520C9D25100D25B20 /* Release */,
			);
			defaultConfigurationIsVisible = 0;
			defaultConfigurationName = Release;
		};
		096A8CD620C9D25100D25B20 /* Build configuration list for PBXNativeTarget "BezierPaths" */ = {
			isa = XCConfigurationList;
			buildConfigurations = (
				096A8CD720C9D25100D25B20 /* Debug */,
				096A8CD820C9D25100D25B20 /* Release */,
			);
			defaultConfigurationIsVisible = 0;
			defaultConfigurationName = Release;
		};
/* End XCConfigurationList section */
	};
	rootObject = 096A8CBE20C9D25100D25B20 /* Project object */;
}
